
Microsoft Visual Studio Solution File, Format Version 12.00
# Visual Studio Version 17
VisualStudioVersion = 17.4.33213.308
MinimumVisualStudioVersion = 10.0.40219.1
Project("{FAE04EC0-301F-11D3-BF4B-00C04F79EFBC}") = "Inheritance", "ProtoType\Inheritance.csproj", "{17919777-92A9-465C-90D3-4F6923148DC5}"
EndProject
Project("{FAE04EC0-301F-11D3-BF4B-00C04F79EFBC}") = "Serialization", "Serialization\Serialization.csproj", "{D2EF68AA-7594-4E44-99A5-1561B990F25D}"
EndProject
Global
	GlobalSection(SolutionConfigurationPlatforms) = preSolution
		Debug|Any CPU = Debug|Any CPU
		Release|Any CPU = Release|Any CPU
	EndGlobalSection
	GlobalSection(ProjectConfigurationPlatforms) = postSolution
		{17919777-92A9-465C-90D3-4F6923148DC5}.Debug|Any CPU.ActiveCfg = Debug|Any CPU
		{17919777-92A9-465C-90D3-4F6923148DC5}.Debug|Any CPU.Build.0 = Debug|Any CPU
		{17919777-92A9-465C-90D3-4F6923148DC5}.Release|Any CPU.ActiveCfg = Release|Any CPU
		{17919777-92A9-465C-90D3-4F6923148DC5}.Release|Any CPU.Build.0 = Release|Any CPU
		{D2EF68AA-7594-4E44-99A5-1561B990F25D}.Debug|Any CPU.ActiveCfg = Debug|Any CPU
		{D2EF68AA-7594-4E44-99A5-1561B990F25D}.Debug|Any CPU.Build.0 = Debug|Any CPU
		{D2EF68AA-7594-4E44-99A5-1561B990F25D}.Release|Any CPU.ActiveCfg = Release|Any CPU
		{D2EF68AA-7594-4E44-99A5-1561B990F25D}.Release|Any CPU.Build.0 = Release|Any CPU
	EndGlobalSection
	GlobalSection(SolutionProperties) = preSolution
		HideSolutionNode = FALSE
	EndGlobalSection
	GlobalSection(ExtensibilityGlobals) = postSolution
		SolutionGuid = {6C73217F-F8FB-418A-93D7-76C12707E7BB}
	EndGlobalSection
EndGlobal
