
Microsoft Visual Studio Solution File, Format Version 12.00
# Visual Studio Version 17
VisualStudioVersion = 17.3.32929.385
MinimumVisualStudioVersion = 10.0.40219.1
Project("{00D1A9C2-B5F0-4AF3-8072-F6C62B433612}") = "RMData", "RMData\RMData.sqlproj", "{83BFDBAC-A132-477E-BA43-F3CD542B3AB4}"
EndProject
Project("{9A19103F-16F7-4668-BE54-9A1E7A4F7556}") = "RMDesktopUI", "RMDesktopUI\RMDesktopUI.csproj", "{93B20856-BBEC-43AC-9F3D-C835DB2A91F2}"
EndProject
Project("{9A19103F-16F7-4668-BE54-9A1E7A4F7556}") = "RMDataManager.Library", "RMDataManager.Library\RMDataManager.Library.csproj", "{85732DBC-9631-4D15-87E1-B0261ACD848C}"
EndProject
Project("{9A19103F-16F7-4668-BE54-9A1E7A4F7556}") = "RMDesktopUI.Library", "RMDesktopUI.Library\RMDesktopUI.Library.csproj", "{40EB2514-FDE0-4558-80CD-34ECB1625A2F}"
EndProject
Project("{2150E333-8FDC-42A3-9474-1A3956D46DE8}") = "DataBase", "DataBase", "{71B60CBF-F719-467C-811E-D8B47BC616F7}"
EndProject
Project("{2150E333-8FDC-42A3-9474-1A3956D46DE8}") = "API", "API", "{91254550-83ED-4860-9325-9C0C71E0D6F1}"
EndProject
Project("{2150E333-8FDC-42A3-9474-1A3956D46DE8}") = "WPF", "WPF", "{0E69FF56-B602-4517-85DB-ECD345AC85C1}"
EndProject
Project("{9A19103F-16F7-4668-BE54-9A1E7A4F7556}") = "RMApi", "RMApi\RMApi.csproj", "{207880A5-6A6D-4D16-BBB0-8CAB249FB226}"
EndProject
Project("{2150E333-8FDC-42A3-9474-1A3956D46DE8}") = "Solution Items", "Solution Items", "{55092E3A-9139-45FC-B3CF-9C6E963CA322}"
	ProjectSection(SolutionItems) = preProject
		Roadmap.txt = Roadmap.txt
	EndProjectSection
EndProject
Project("{2150E333-8FDC-42A3-9474-1A3956D46DE8}") = "WebApps", "WebApps", "{1351F182-938E-40BF-81ED-5A713FE41CF7}"
EndProject
Project("{9A19103F-16F7-4668-BE54-9A1E7A4F7556}") = "Portal", "Portal\Portal.csproj", "{89A4A70D-4450-4576-82E4-603FF1D1B677}"
EndProject
Project("{2150E333-8FDC-42A3-9474-1A3956D46DE8}") = "MobileApps", "MobileApps", "{5EF25346-AD50-4FD7-98FA-A0E1A4AE32A8}"
EndProject
Project("{FAE04EC0-301F-11D3-BF4B-00C04F79EFBC}") = "RMMobileApp", "RMMobileApp\RMMobileApp.csproj", "{A7DFEF06-107C-4371-9903-E19B6A76993D}"
EndProject
Global
	GlobalSection(SolutionConfigurationPlatforms) = preSolution
		Debug|Any CPU = Debug|Any CPU
		Release|Any CPU = Release|Any CPU
	EndGlobalSection
	GlobalSection(ProjectConfigurationPlatforms) = postSolution
		{83BFDBAC-A132-477E-BA43-F3CD542B3AB4}.Debug|Any CPU.ActiveCfg = Debug|Any CPU
		{83BFDBAC-A132-477E-BA43-F3CD542B3AB4}.Debug|Any CPU.Build.0 = Debug|Any CPU
		{83BFDBAC-A132-477E-BA43-F3CD542B3AB4}.Debug|Any CPU.Deploy.0 = Debug|Any CPU
		{83BFDBAC-A132-477E-BA43-F3CD542B3AB4}.Release|Any CPU.ActiveCfg = Release|Any CPU
		{83BFDBAC-A132-477E-BA43-F3CD542B3AB4}.Release|Any CPU.Build.0 = Release|Any CPU
		{83BFDBAC-A132-477E-BA43-F3CD542B3AB4}.Release|Any CPU.Deploy.0 = Release|Any CPU
		{93B20856-BBEC-43AC-9F3D-C835DB2A91F2}.Debug|Any CPU.ActiveCfg = Debug|Any CPU
		{93B20856-BBEC-43AC-9F3D-C835DB2A91F2}.Debug|Any CPU.Build.0 = Debug|Any CPU
		{93B20856-BBEC-43AC-9F3D-C835DB2A91F2}.Release|Any CPU.ActiveCfg = Release|Any CPU
		{93B20856-BBEC-43AC-9F3D-C835DB2A91F2}.Release|Any CPU.Build.0 = Release|Any CPU
		{85732DBC-9631-4D15-87E1-B0261ACD848C}.Debug|Any CPU.ActiveCfg = Debug|Any CPU
		{85732DBC-9631-4D15-87E1-B0261ACD848C}.Debug|Any CPU.Build.0 = Debug|Any CPU
		{85732DBC-9631-4D15-87E1-B0261ACD848C}.Release|Any CPU.ActiveCfg = Release|Any CPU
		{85732DBC-9631-4D15-87E1-B0261ACD848C}.Release|Any CPU.Build.0 = Release|Any CPU
		{40EB2514-FDE0-4558-80CD-34ECB1625A2F}.Debug|Any CPU.ActiveCfg = Debug|Any CPU
		{40EB2514-FDE0-4558-80CD-34ECB1625A2F}.Debug|Any CPU.Build.0 = Debug|Any CPU
		{40EB2514-FDE0-4558-80CD-34ECB1625A2F}.Release|Any CPU.ActiveCfg = Release|Any CPU
		{40EB2514-FDE0-4558-80CD-34ECB1625A2F}.Release|Any CPU.Build.0 = Release|Any CPU
		{207880A5-6A6D-4D16-BBB0-8CAB249FB226}.Debug|Any CPU.ActiveCfg = Debug|Any CPU
		{207880A5-6A6D-4D16-BBB0-8CAB249FB226}.Debug|Any CPU.Build.0 = Debug|Any CPU
		{207880A5-6A6D-4D16-BBB0-8CAB249FB226}.Release|Any CPU.ActiveCfg = Release|Any CPU
		{207880A5-6A6D-4D16-BBB0-8CAB249FB226}.Release|Any CPU.Build.0 = Release|Any CPU
		{89A4A70D-4450-4576-82E4-603FF1D1B677}.Debug|Any CPU.ActiveCfg = Debug|Any CPU
		{89A4A70D-4450-4576-82E4-603FF1D1B677}.Debug|Any CPU.Build.0 = Debug|Any CPU
		{89A4A70D-4450-4576-82E4-603FF1D1B677}.Release|Any CPU.ActiveCfg = Release|Any CPU
		{89A4A70D-4450-4576-82E4-603FF1D1B677}.Release|Any CPU.Build.0 = Release|Any CPU
		{A7DFEF06-107C-4371-9903-E19B6A76993D}.Debug|Any CPU.ActiveCfg = Debug|Any CPU
		{A7DFEF06-107C-4371-9903-E19B6A76993D}.Debug|Any CPU.Build.0 = Debug|Any CPU
		{A7DFEF06-107C-4371-9903-E19B6A76993D}.Debug|Any CPU.Deploy.0 = Debug|Any CPU
		{A7DFEF06-107C-4371-9903-E19B6A76993D}.Release|Any CPU.ActiveCfg = Release|Any CPU
		{A7DFEF06-107C-4371-9903-E19B6A76993D}.Release|Any CPU.Build.0 = Release|Any CPU
		{A7DFEF06-107C-4371-9903-E19B6A76993D}.Release|Any CPU.Deploy.0 = Release|Any CPU
	EndGlobalSection
	GlobalSection(SolutionProperties) = preSolution
		HideSolutionNode = FALSE
	EndGlobalSection
	GlobalSection(NestedProjects) = preSolution
		{83BFDBAC-A132-477E-BA43-F3CD542B3AB4} = {71B60CBF-F719-467C-811E-D8B47BC616F7}
		{93B20856-BBEC-43AC-9F3D-C835DB2A91F2} = {0E69FF56-B602-4517-85DB-ECD345AC85C1}
		{85732DBC-9631-4D15-87E1-B0261ACD848C} = {91254550-83ED-4860-9325-9C0C71E0D6F1}
		{40EB2514-FDE0-4558-80CD-34ECB1625A2F} = {0E69FF56-B602-4517-85DB-ECD345AC85C1}
		{207880A5-6A6D-4D16-BBB0-8CAB249FB226} = {91254550-83ED-4860-9325-9C0C71E0D6F1}
		{89A4A70D-4450-4576-82E4-603FF1D1B677} = {1351F182-938E-40BF-81ED-5A713FE41CF7}
		{A7DFEF06-107C-4371-9903-E19B6A76993D} = {5EF25346-AD50-4FD7-98FA-A0E1A4AE32A8}
	EndGlobalSection
	GlobalSection(ExtensibilityGlobals) = postSolution
		SolutionGuid = {90A10012-1A57-4E04-B630-46715B4E061C}
	EndGlobalSection
EndGlobal
