
Microsoft Visual Studio Solution File, Format Version 12.00
# Visual Studio Version 17
VisualStudioVersion = 17.4.33213.308
MinimumVisualStudioVersion = 10.0.40219.1
Project("{9A19103F-16F7-4668-BE54-9A1E7A4F7556}") = "Singleton", "Singleton\Singleton.csproj", "{3B61D776-4AFB-4296-A3CE-47B4067CDD9E}"
EndProject
Project("{FAE04EC0-301F-11D3-BF4B-00C04F79EFBC}") = "SingletonInDI", "SingletonInDI\SingletonInDI.csproj", "{F005B578-5FE7-43A7-83DA-83D8A02BBFDE}"
EndProject
Project("{FAE04EC0-301F-11D3-BF4B-00C04F79EFBC}") = "Monostate", "Monostate\Monostate.csproj", "{9CC77FAF-16B3-4FDA-A68D-121D1952F6C5}"
EndProject
Project("{FAE04EC0-301F-11D3-BF4B-00C04F79EFBC}") = "PerThreadSingleton", "PerThreadSingleton\PerThreadSingleton.csproj", "{40ACF115-6967-46FC-B74D-5EEB1D6D955C}"
EndProject
Project("{FAE04EC0-301F-11D3-BF4B-00C04F79EFBC}") = "AmbientStack", "AmbientStack\AmbientStack.csproj", "{C1045B6A-23C5-4E87-BDF9-2DA8B211F64A}"
EndProject
Global
	GlobalSection(SolutionConfigurationPlatforms) = preSolution
		Debug|Any CPU = Debug|Any CPU
		Release|Any CPU = Release|Any CPU
	EndGlobalSection
	GlobalSection(ProjectConfigurationPlatforms) = postSolution
		{3B61D776-4AFB-4296-A3CE-47B4067CDD9E}.Debug|Any CPU.ActiveCfg = Debug|Any CPU
		{3B61D776-4AFB-4296-A3CE-47B4067CDD9E}.Debug|Any CPU.Build.0 = Debug|Any CPU
		{3B61D776-4AFB-4296-A3CE-47B4067CDD9E}.Release|Any CPU.ActiveCfg = Release|Any CPU
		{3B61D776-4AFB-4296-A3CE-47B4067CDD9E}.Release|Any CPU.Build.0 = Release|Any CPU
		{F005B578-5FE7-43A7-83DA-83D8A02BBFDE}.Debug|Any CPU.ActiveCfg = Debug|Any CPU
		{F005B578-5FE7-43A7-83DA-83D8A02BBFDE}.Debug|Any CPU.Build.0 = Debug|Any CPU
		{F005B578-5FE7-43A7-83DA-83D8A02BBFDE}.Release|Any CPU.ActiveCfg = Release|Any CPU
		{F005B578-5FE7-43A7-83DA-83D8A02BBFDE}.Release|Any CPU.Build.0 = Release|Any CPU
		{9CC77FAF-16B3-4FDA-A68D-121D1952F6C5}.Debug|Any CPU.ActiveCfg = Debug|Any CPU
		{9CC77FAF-16B3-4FDA-A68D-121D1952F6C5}.Debug|Any CPU.Build.0 = Debug|Any CPU
		{9CC77FAF-16B3-4FDA-A68D-121D1952F6C5}.Release|Any CPU.ActiveCfg = Release|Any CPU
		{9CC77FAF-16B3-4FDA-A68D-121D1952F6C5}.Release|Any CPU.Build.0 = Release|Any CPU
		{40ACF115-6967-46FC-B74D-5EEB1D6D955C}.Debug|Any CPU.ActiveCfg = Debug|Any CPU
		{40ACF115-6967-46FC-B74D-5EEB1D6D955C}.Debug|Any CPU.Build.0 = Debug|Any CPU
		{40ACF115-6967-46FC-B74D-5EEB1D6D955C}.Release|Any CPU.ActiveCfg = Release|Any CPU
		{40ACF115-6967-46FC-B74D-5EEB1D6D955C}.Release|Any CPU.Build.0 = Release|Any CPU
		{C1045B6A-23C5-4E87-BDF9-2DA8B211F64A}.Debug|Any CPU.ActiveCfg = Debug|Any CPU
		{C1045B6A-23C5-4E87-BDF9-2DA8B211F64A}.Debug|Any CPU.Build.0 = Debug|Any CPU
		{C1045B6A-23C5-4E87-BDF9-2DA8B211F64A}.Release|Any CPU.ActiveCfg = Release|Any CPU
		{C1045B6A-23C5-4E87-BDF9-2DA8B211F64A}.Release|Any CPU.Build.0 = Release|Any CPU
	EndGlobalSection
	GlobalSection(SolutionProperties) = preSolution
		HideSolutionNode = FALSE
	EndGlobalSection
	GlobalSection(ExtensibilityGlobals) = postSolution
		SolutionGuid = {238DBFFC-E5A9-4AE3-AF84-79BFAF288F7D}
	EndGlobalSection
EndGlobal
