
Microsoft Visual Studio Solution File, Format Version 12.00
# Visual Studio Version 17
VisualStudioVersion = 17.4.33213.308
MinimumVisualStudioVersion = 10.0.40219.1
Project("{FAE04EC0-301F-11D3-BF4B-00C04F79EFBC}") = "AvaloniaLoudnessMeter", "AvaloniaLoudnessMeter\AvaloniaLoudnessMeter\AvaloniaLoudnessMeter.csproj", "{5858450D-84CB-4A2E-A8CD-7DF3EEE4A83F}"
EndProject
Project("{FAE04EC0-301F-11D3-BF4B-00C04F79EFBC}") = "AvaloniaLoudnessMeter.Android", "AvaloniaLoudnessMeter\AvaloniaLoudnessMeter.Android\AvaloniaLoudnessMeter.Android.csproj", "{4117A7C6-9701-4BD6-A6D7-4C2133356B03}"
EndProject
Project("{FAE04EC0-301F-11D3-BF4B-00C04F79EFBC}") = "AvaloniaLoudnessMeter.Desktop", "AvaloniaLoudnessMeter\AvaloniaLoudnessMeter.Desktop\AvaloniaLoudnessMeter.Desktop.csproj", "{A508003C-6A9C-425A-B06A-782A20CCA5B1}"
EndProject
Project("{FAE04EC0-301F-11D3-BF4B-00C04F79EFBC}") = "AvaloniaLoudnessMeter.iOS", "AvaloniaLoudnessMeter\AvaloniaLoudnessMeter.iOS\AvaloniaLoudnessMeter.iOS.csproj", "{59FA3EB8-EB1E-416F-911A-8C5D31825CF3}"
EndProject
Project("{FAE04EC0-301F-11D3-BF4B-00C04F79EFBC}") = "AvaloniaLoudnessMeter.Browser", "AvaloniaLoudnessMeter\AvaloniaLoudnessMeter.Browser\AvaloniaLoudnessMeter.Browser.csproj", "{20DD8264-62C2-4995-8B51-3CEEBFD0AF41}"
EndProject
Global
	GlobalSection(SolutionConfigurationPlatforms) = preSolution
		Debug|Any CPU = Debug|Any CPU
		Release|Any CPU = Release|Any CPU
	EndGlobalSection
	GlobalSection(ProjectConfigurationPlatforms) = postSolution
		{5858450D-84CB-4A2E-A8CD-7DF3EEE4A83F}.Debug|Any CPU.ActiveCfg = Debug|Any CPU
		{5858450D-84CB-4A2E-A8CD-7DF3EEE4A83F}.Debug|Any CPU.Build.0 = Debug|Any CPU
		{5858450D-84CB-4A2E-A8CD-7DF3EEE4A83F}.Release|Any CPU.ActiveCfg = Release|Any CPU
		{5858450D-84CB-4A2E-A8CD-7DF3EEE4A83F}.Release|Any CPU.Build.0 = Release|Any CPU
		{4117A7C6-9701-4BD6-A6D7-4C2133356B03}.Debug|Any CPU.ActiveCfg = Debug|Any CPU
		{4117A7C6-9701-4BD6-A6D7-4C2133356B03}.Debug|Any CPU.Build.0 = Debug|Any CPU
		{4117A7C6-9701-4BD6-A6D7-4C2133356B03}.Debug|Any CPU.Deploy.0 = Debug|Any CPU
		{4117A7C6-9701-4BD6-A6D7-4C2133356B03}.Release|Any CPU.ActiveCfg = Release|Any CPU
		{4117A7C6-9701-4BD6-A6D7-4C2133356B03}.Release|Any CPU.Build.0 = Release|Any CPU
		{4117A7C6-9701-4BD6-A6D7-4C2133356B03}.Release|Any CPU.Deploy.0 = Release|Any CPU
		{A508003C-6A9C-425A-B06A-782A20CCA5B1}.Debug|Any CPU.ActiveCfg = Debug|Any CPU
		{A508003C-6A9C-425A-B06A-782A20CCA5B1}.Debug|Any CPU.Build.0 = Debug|Any CPU
		{A508003C-6A9C-425A-B06A-782A20CCA5B1}.Release|Any CPU.ActiveCfg = Release|Any CPU
		{A508003C-6A9C-425A-B06A-782A20CCA5B1}.Release|Any CPU.Build.0 = Release|Any CPU
		{59FA3EB8-EB1E-416F-911A-8C5D31825CF3}.Debug|Any CPU.ActiveCfg = Debug|Any CPU
		{59FA3EB8-EB1E-416F-911A-8C5D31825CF3}.Debug|Any CPU.Build.0 = Debug|Any CPU
		{59FA3EB8-EB1E-416F-911A-8C5D31825CF3}.Debug|Any CPU.Deploy.0 = Debug|Any CPU
		{59FA3EB8-EB1E-416F-911A-8C5D31825CF3}.Release|Any CPU.ActiveCfg = Release|Any CPU
		{59FA3EB8-EB1E-416F-911A-8C5D31825CF3}.Release|Any CPU.Build.0 = Release|Any CPU
		{59FA3EB8-EB1E-416F-911A-8C5D31825CF3}.Release|Any CPU.Deploy.0 = Release|Any CPU
		{20DD8264-62C2-4995-8B51-3CEEBFD0AF41}.Debug|Any CPU.ActiveCfg = Debug|Any CPU
		{20DD8264-62C2-4995-8B51-3CEEBFD0AF41}.Debug|Any CPU.Build.0 = Debug|Any CPU
		{20DD8264-62C2-4995-8B51-3CEEBFD0AF41}.Release|Any CPU.ActiveCfg = Release|Any CPU
		{20DD8264-62C2-4995-8B51-3CEEBFD0AF41}.Release|Any CPU.Build.0 = Release|Any CPU
	EndGlobalSection
	GlobalSection(SolutionProperties) = preSolution
		HideSolutionNode = FALSE
	EndGlobalSection
	GlobalSection(ExtensibilityGlobals) = postSolution
		SolutionGuid = {B98E7820-6AD6-4500-8587-FC1B58475627}
	EndGlobalSection
EndGlobal
