
Microsoft Visual Studio Solution File, Format Version 12.00
# Visual Studio Version 17
VisualStudioVersion = 17.4.33213.308
MinimumVisualStudioVersion = 10.0.40219.1
Project("{9A19103F-16F7-4668-BE54-9A1E7A4F7556}") = "FunctionalBuilderPattern", "BuilderPattern\FunctionalBuilderPattern.csproj", "{C2315CDC-078D-4866-8B17-EA6F1219D5C8}"
EndProject
Project("{9A19103F-16F7-4668-BE54-9A1E7A4F7556}") = "Builder", "Builder\Builder.csproj", "{FFEE3F92-C588-4B51-8062-6F7331C10B4F}"
EndProject
Project("{9A19103F-16F7-4668-BE54-9A1E7A4F7556}") = "FluentBuilderInheritance", "FluentBuilderInheritance\FluentBuilderInheritance.csproj", "{88D96087-1559-4444-AC2F-E9323D02E5DF}"
EndProject
Project("{9A19103F-16F7-4668-BE54-9A1E7A4F7556}") = "StepwiseBuilder", "StepwiseBuilder\StepwiseBuilder.csproj", "{B809B082-CC10-4BCE-9DF9-0EE647648401}"
EndProject
Project("{FAE04EC0-301F-11D3-BF4B-00C04F79EFBC}") = "FacetedBuilder", "FacetedBuilder\FacetedBuilder.csproj", "{1ADAFC78-1B9B-4681-8D8C-246A5E0A6897}"
EndProject
Global
	GlobalSection(SolutionConfigurationPlatforms) = preSolution
		Debug|Any CPU = Debug|Any CPU
		Release|Any CPU = Release|Any CPU
	EndGlobalSection
	GlobalSection(ProjectConfigurationPlatforms) = postSolution
		{C2315CDC-078D-4866-8B17-EA6F1219D5C8}.Debug|Any CPU.ActiveCfg = Debug|Any CPU
		{C2315CDC-078D-4866-8B17-EA6F1219D5C8}.Debug|Any CPU.Build.0 = Debug|Any CPU
		{C2315CDC-078D-4866-8B17-EA6F1219D5C8}.Release|Any CPU.ActiveCfg = Release|Any CPU
		{C2315CDC-078D-4866-8B17-EA6F1219D5C8}.Release|Any CPU.Build.0 = Release|Any CPU
		{FFEE3F92-C588-4B51-8062-6F7331C10B4F}.Debug|Any CPU.ActiveCfg = Debug|Any CPU
		{FFEE3F92-C588-4B51-8062-6F7331C10B4F}.Debug|Any CPU.Build.0 = Debug|Any CPU
		{FFEE3F92-C588-4B51-8062-6F7331C10B4F}.Release|Any CPU.ActiveCfg = Release|Any CPU
		{FFEE3F92-C588-4B51-8062-6F7331C10B4F}.Release|Any CPU.Build.0 = Release|Any CPU
		{88D96087-1559-4444-AC2F-E9323D02E5DF}.Debug|Any CPU.ActiveCfg = Debug|Any CPU
		{88D96087-1559-4444-AC2F-E9323D02E5DF}.Debug|Any CPU.Build.0 = Debug|Any CPU
		{88D96087-1559-4444-AC2F-E9323D02E5DF}.Release|Any CPU.ActiveCfg = Release|Any CPU
		{88D96087-1559-4444-AC2F-E9323D02E5DF}.Release|Any CPU.Build.0 = Release|Any CPU
		{B809B082-CC10-4BCE-9DF9-0EE647648401}.Debug|Any CPU.ActiveCfg = Debug|Any CPU
		{B809B082-CC10-4BCE-9DF9-0EE647648401}.Debug|Any CPU.Build.0 = Debug|Any CPU
		{B809B082-CC10-4BCE-9DF9-0EE647648401}.Release|Any CPU.ActiveCfg = Release|Any CPU
		{B809B082-CC10-4BCE-9DF9-0EE647648401}.Release|Any CPU.Build.0 = Release|Any CPU
		{1ADAFC78-1B9B-4681-8D8C-246A5E0A6897}.Debug|Any CPU.ActiveCfg = Debug|Any CPU
		{1ADAFC78-1B9B-4681-8D8C-246A5E0A6897}.Debug|Any CPU.Build.0 = Debug|Any CPU
		{1ADAFC78-1B9B-4681-8D8C-246A5E0A6897}.Release|Any CPU.ActiveCfg = Release|Any CPU
		{1ADAFC78-1B9B-4681-8D8C-246A5E0A6897}.Release|Any CPU.Build.0 = Release|Any CPU
	EndGlobalSection
	GlobalSection(SolutionProperties) = preSolution
		HideSolutionNode = FALSE
	EndGlobalSection
	GlobalSection(ExtensibilityGlobals) = postSolution
		SolutionGuid = {1DEF15E9-2715-42DA-A12A-4251BB2115D3}
	EndGlobalSection
EndGlobal
