
Microsoft Visual Studio Solution File, Format Version 12.00
# Visual Studio Version 17
VisualStudioVersion = 17.4.33213.308
MinimumVisualStudioVersion = 10.0.40219.1
Project("{8BC9CEB8-8B4A-11D0-8D11-00A0C91BC942}") = "a_SumOfNumbers", "SumOfNumbers\SumOfNumbers.vcxproj", "{F755FB8F-6E2A-4416-97E0-6892E2F3B6E3}"
EndProject
Project("{8BC9CEB8-8B4A-11D0-8D11-00A0C91BC942}") = "b_Average", "b_Average\b_Average.vcxproj", "{7900D11D-DEE6-44CD-B96A-D2C3D869126D}"
EndProject
Project("{8BC9CEB8-8B4A-11D0-8D11-00A0C91BC942}") = "c_SumArray", "c_SumArray\c_SumArray.vcxproj", "{7C2383BA-1DA0-4D3A-8367-B0BB446B4CCF}"
EndProject
Project("{8BC9CEB8-8B4A-11D0-8D11-00A0C91BC942}") = "d_SumArray2", "d_SumArray2\d_SumArray2.vcxproj", "{60F32BFE-9666-4987-BBD6-6C6B0F35EBA3}"
EndProject
Project("{8BC9CEB8-8B4A-11D0-8D11-00A0C91BC942}") = "e_SumArray3", "e_SumArray3\e_SumArray3.vcxproj", "{4C7B78CE-BD69-45F6-B1F1-1AC2C754F524}"
EndProject
Project("{8BC9CEB8-8B4A-11D0-8D11-00A0C91BC942}") = "f_2Pointer", "f_2Pointer\f_2Pointer.vcxproj", "{23127273-E458-417A-9B55-ABB406D466FE}"
EndProject
Project("{8BC9CEB8-8B4A-11D0-8D11-00A0C91BC942}") = "g_2Pointer2", "g_2Pointer2\g_2Pointer2.vcxproj", "{7DC6BFF7-2751-4553-B26E-331E8904129B}"
EndProject
Project("{8BC9CEB8-8B4A-11D0-8D11-00A0C91BC942}") = "h_2Pointer3", "h_2Pointer3\h_2Pointer3.vcxproj", "{B139349D-C2A7-41AD-A39D-D6D2549D1C05}"
EndProject
Project("{8BC9CEB8-8B4A-11D0-8D11-00A0C91BC942}") = "i_SlidingWindow", "i_SlidingWindow\i_SlidingWindow.vcxproj", "{4201A55F-ADA5-47F8-88D7-FDAE7A55D6FA}"
EndProject
Project("{8BC9CEB8-8B4A-11D0-8D11-00A0C91BC942}") = "j_SlidingWindow2", "j_SlidingWindow2\j_SlidingWindow2.vcxproj", "{19292B47-62D4-4618-9726-24A4AD96087D}"
EndProject
Project("{8BC9CEB8-8B4A-11D0-8D11-00A0C91BC942}") = "k_Stack", "k_Stack\k_Stack.vcxproj", "{4CF7B88E-0378-411F-AEAA-C34D9C066C22}"
EndProject
Global
	GlobalSection(SolutionConfigurationPlatforms) = preSolution
		Debug|x64 = Debug|x64
		Debug|x86 = Debug|x86
		Release|x64 = Release|x64
		Release|x86 = Release|x86
	EndGlobalSection
	GlobalSection(ProjectConfigurationPlatforms) = postSolution
		{F755FB8F-6E2A-4416-97E0-6892E2F3B6E3}.Debug|x64.ActiveCfg = Debug|x64
		{F755FB8F-6E2A-4416-97E0-6892E2F3B6E3}.Debug|x64.Build.0 = Debug|x64
		{F755FB8F-6E2A-4416-97E0-6892E2F3B6E3}.Debug|x86.ActiveCfg = Debug|Win32
		{F755FB8F-6E2A-4416-97E0-6892E2F3B6E3}.Debug|x86.Build.0 = Debug|Win32
		{F755FB8F-6E2A-4416-97E0-6892E2F3B6E3}.Release|x64.ActiveCfg = Release|x64
		{F755FB8F-6E2A-4416-97E0-6892E2F3B6E3}.Release|x64.Build.0 = Release|x64
		{F755FB8F-6E2A-4416-97E0-6892E2F3B6E3}.Release|x86.ActiveCfg = Release|Win32
		{F755FB8F-6E2A-4416-97E0-6892E2F3B6E3}.Release|x86.Build.0 = Release|Win32
		{7900D11D-DEE6-44CD-B96A-D2C3D869126D}.Debug|x64.ActiveCfg = Debug|x64
		{7900D11D-DEE6-44CD-B96A-D2C3D869126D}.Debug|x64.Build.0 = Debug|x64
		{7900D11D-DEE6-44CD-B96A-D2C3D869126D}.Debug|x86.ActiveCfg = Debug|Win32
		{7900D11D-DEE6-44CD-B96A-D2C3D869126D}.Debug|x86.Build.0 = Debug|Win32
		{7900D11D-DEE6-44CD-B96A-D2C3D869126D}.Release|x64.ActiveCfg = Release|x64
		{7900D11D-DEE6-44CD-B96A-D2C3D869126D}.Release|x64.Build.0 = Release|x64
		{7900D11D-DEE6-44CD-B96A-D2C3D869126D}.Release|x86.ActiveCfg = Release|Win32
		{7900D11D-DEE6-44CD-B96A-D2C3D869126D}.Release|x86.Build.0 = Release|Win32
		{7C2383BA-1DA0-4D3A-8367-B0BB446B4CCF}.Debug|x64.ActiveCfg = Debug|x64
		{7C2383BA-1DA0-4D3A-8367-B0BB446B4CCF}.Debug|x64.Build.0 = Debug|x64
		{7C2383BA-1DA0-4D3A-8367-B0BB446B4CCF}.Debug|x86.ActiveCfg = Debug|Win32
		{7C2383BA-1DA0-4D3A-8367-B0BB446B4CCF}.Debug|x86.Build.0 = Debug|Win32
		{7C2383BA-1DA0-4D3A-8367-B0BB446B4CCF}.Release|x64.ActiveCfg = Release|x64
		{7C2383BA-1DA0-4D3A-8367-B0BB446B4CCF}.Release|x64.Build.0 = Release|x64
		{7C2383BA-1DA0-4D3A-8367-B0BB446B4CCF}.Release|x86.ActiveCfg = Release|Win32
		{7C2383BA-1DA0-4D3A-8367-B0BB446B4CCF}.Release|x86.Build.0 = Release|Win32
		{60F32BFE-9666-4987-BBD6-6C6B0F35EBA3}.Debug|x64.ActiveCfg = Debug|x64
		{60F32BFE-9666-4987-BBD6-6C6B0F35EBA3}.Debug|x64.Build.0 = Debug|x64
		{60F32BFE-9666-4987-BBD6-6C6B0F35EBA3}.Debug|x86.ActiveCfg = Debug|Win32
		{60F32BFE-9666-4987-BBD6-6C6B0F35EBA3}.Debug|x86.Build.0 = Debug|Win32
		{60F32BFE-9666-4987-BBD6-6C6B0F35EBA3}.Release|x64.ActiveCfg = Release|x64
		{60F32BFE-9666-4987-BBD6-6C6B0F35EBA3}.Release|x64.Build.0 = Release|x64
		{60F32BFE-9666-4987-BBD6-6C6B0F35EBA3}.Release|x86.ActiveCfg = Release|Win32
		{60F32BFE-9666-4987-BBD6-6C6B0F35EBA3}.Release|x86.Build.0 = Release|Win32
		{4C7B78CE-BD69-45F6-B1F1-1AC2C754F524}.Debug|x64.ActiveCfg = Debug|x64
		{4C7B78CE-BD69-45F6-B1F1-1AC2C754F524}.Debug|x64.Build.0 = Debug|x64
		{4C7B78CE-BD69-45F6-B1F1-1AC2C754F524}.Debug|x86.ActiveCfg = Debug|Win32
		{4C7B78CE-BD69-45F6-B1F1-1AC2C754F524}.Debug|x86.Build.0 = Debug|Win32
		{4C7B78CE-BD69-45F6-B1F1-1AC2C754F524}.Release|x64.ActiveCfg = Release|x64
		{4C7B78CE-BD69-45F6-B1F1-1AC2C754F524}.Release|x64.Build.0 = Release|x64
		{4C7B78CE-BD69-45F6-B1F1-1AC2C754F524}.Release|x86.ActiveCfg = Release|Win32
		{4C7B78CE-BD69-45F6-B1F1-1AC2C754F524}.Release|x86.Build.0 = Release|Win32
		{23127273-E458-417A-9B55-ABB406D466FE}.Debug|x64.ActiveCfg = Debug|x64
		{23127273-E458-417A-9B55-ABB406D466FE}.Debug|x64.Build.0 = Debug|x64
		{23127273-E458-417A-9B55-ABB406D466FE}.Debug|x86.ActiveCfg = Debug|Win32
		{23127273-E458-417A-9B55-ABB406D466FE}.Debug|x86.Build.0 = Debug|Win32
		{23127273-E458-417A-9B55-ABB406D466FE}.Release|x64.ActiveCfg = Release|x64
		{23127273-E458-417A-9B55-ABB406D466FE}.Release|x64.Build.0 = Release|x64
		{23127273-E458-417A-9B55-ABB406D466FE}.Release|x86.ActiveCfg = Release|Win32
		{23127273-E458-417A-9B55-ABB406D466FE}.Release|x86.Build.0 = Release|Win32
		{7DC6BFF7-2751-4553-B26E-331E8904129B}.Debug|x64.ActiveCfg = Debug|x64
		{7DC6BFF7-2751-4553-B26E-331E8904129B}.Debug|x64.Build.0 = Debug|x64
		{7DC6BFF7-2751-4553-B26E-331E8904129B}.Debug|x86.ActiveCfg = Debug|Win32
		{7DC6BFF7-2751-4553-B26E-331E8904129B}.Debug|x86.Build.0 = Debug|Win32
		{7DC6BFF7-2751-4553-B26E-331E8904129B}.Release|x64.ActiveCfg = Release|x64
		{7DC6BFF7-2751-4553-B26E-331E8904129B}.Release|x64.Build.0 = Release|x64
		{7DC6BFF7-2751-4553-B26E-331E8904129B}.Release|x86.ActiveCfg = Release|Win32
		{7DC6BFF7-2751-4553-B26E-331E8904129B}.Release|x86.Build.0 = Release|Win32
		{B139349D-C2A7-41AD-A39D-D6D2549D1C05}.Debug|x64.ActiveCfg = Debug|x64
		{B139349D-C2A7-41AD-A39D-D6D2549D1C05}.Debug|x64.Build.0 = Debug|x64
		{B139349D-C2A7-41AD-A39D-D6D2549D1C05}.Debug|x86.ActiveCfg = Debug|Win32
		{B139349D-C2A7-41AD-A39D-D6D2549D1C05}.Debug|x86.Build.0 = Debug|Win32
		{B139349D-C2A7-41AD-A39D-D6D2549D1C05}.Release|x64.ActiveCfg = Release|x64
		{B139349D-C2A7-41AD-A39D-D6D2549D1C05}.Release|x64.Build.0 = Release|x64
		{B139349D-C2A7-41AD-A39D-D6D2549D1C05}.Release|x86.ActiveCfg = Release|Win32
		{B139349D-C2A7-41AD-A39D-D6D2549D1C05}.Release|x86.Build.0 = Release|Win32
		{4201A55F-ADA5-47F8-88D7-FDAE7A55D6FA}.Debug|x64.ActiveCfg = Debug|x64
		{4201A55F-ADA5-47F8-88D7-FDAE7A55D6FA}.Debug|x64.Build.0 = Debug|x64
		{4201A55F-ADA5-47F8-88D7-FDAE7A55D6FA}.Debug|x86.ActiveCfg = Debug|Win32
		{4201A55F-ADA5-47F8-88D7-FDAE7A55D6FA}.Debug|x86.Build.0 = Debug|Win32
		{4201A55F-ADA5-47F8-88D7-FDAE7A55D6FA}.Release|x64.ActiveCfg = Release|x64
		{4201A55F-ADA5-47F8-88D7-FDAE7A55D6FA}.Release|x64.Build.0 = Release|x64
		{4201A55F-ADA5-47F8-88D7-FDAE7A55D6FA}.Release|x86.ActiveCfg = Release|Win32
		{4201A55F-ADA5-47F8-88D7-FDAE7A55D6FA}.Release|x86.Build.0 = Release|Win32
		{19292B47-62D4-4618-9726-24A4AD96087D}.Debug|x64.ActiveCfg = Debug|x64
		{19292B47-62D4-4618-9726-24A4AD96087D}.Debug|x64.Build.0 = Debug|x64
		{19292B47-62D4-4618-9726-24A4AD96087D}.Debug|x86.ActiveCfg = Debug|Win32
		{19292B47-62D4-4618-9726-24A4AD96087D}.Debug|x86.Build.0 = Debug|Win32
		{19292B47-62D4-4618-9726-24A4AD96087D}.Release|x64.ActiveCfg = Release|x64
		{19292B47-62D4-4618-9726-24A4AD96087D}.Release|x64.Build.0 = Release|x64
		{19292B47-62D4-4618-9726-24A4AD96087D}.Release|x86.ActiveCfg = Release|Win32
		{19292B47-62D4-4618-9726-24A4AD96087D}.Release|x86.Build.0 = Release|Win32
		{4CF7B88E-0378-411F-AEAA-C34D9C066C22}.Debug|x64.ActiveCfg = Debug|x64
		{4CF7B88E-0378-411F-AEAA-C34D9C066C22}.Debug|x64.Build.0 = Debug|x64
		{4CF7B88E-0378-411F-AEAA-C34D9C066C22}.Debug|x86.ActiveCfg = Debug|Win32
		{4CF7B88E-0378-411F-AEAA-C34D9C066C22}.Debug|x86.Build.0 = Debug|Win32
		{4CF7B88E-0378-411F-AEAA-C34D9C066C22}.Release|x64.ActiveCfg = Release|x64
		{4CF7B88E-0378-411F-AEAA-C34D9C066C22}.Release|x64.Build.0 = Release|x64
		{4CF7B88E-0378-411F-AEAA-C34D9C066C22}.Release|x86.ActiveCfg = Release|Win32
		{4CF7B88E-0378-411F-AEAA-C34D9C066C22}.Release|x86.Build.0 = Release|Win32
	EndGlobalSection
	GlobalSection(SolutionProperties) = preSolution
		HideSolutionNode = FALSE
	EndGlobalSection
	GlobalSection(ExtensibilityGlobals) = postSolution
		SolutionGuid = {FC4C515E-E6AC-478C-8675-5C33FBC4BA61}
	EndGlobalSection
EndGlobal
