
Microsoft Visual Studio Solution File, Format Version 12.00
# Visual Studio Version 17
VisualStudioVersion = 17.4.33213.308
MinimumVisualStudioVersion = 10.0.40219.1
Project("{FAE04EC0-301F-11D3-BF4B-00C04F79EFBC}") = "ExpressionTreeBasic", "ExpressionTreeBasic\ExpressionTreeBasic.csproj", "{13312C43-B23C-411B-BD63-437816F93783}"
EndProject
Global
	GlobalSection(SolutionConfigurationPlatforms) = preSolution
		Debug|Any CPU = Debug|Any CPU
		Release|Any CPU = Release|Any CPU
	EndGlobalSection
	GlobalSection(ProjectConfigurationPlatforms) = postSolution
		{13312C43-B23C-411B-BD63-437816F93783}.Debug|Any CPU.ActiveCfg = Debug|Any CPU
		{13312C43-B23C-411B-BD63-437816F93783}.Debug|Any CPU.Build.0 = Debug|Any CPU
		{13312C43-B23C-411B-BD63-437816F93783}.Release|Any CPU.ActiveCfg = Release|Any CPU
		{13312C43-B23C-411B-BD63-437816F93783}.Release|Any CPU.Build.0 = Release|Any CPU
	EndGlobalSection
	GlobalSection(SolutionProperties) = preSolution
		HideSolutionNode = FALSE
	EndGlobalSection
	GlobalSection(ExtensibilityGlobals) = postSolution
		SolutionGuid = {BBA92939-9AF3-4BBB-B22C-5D6A63B42DE5}
	EndGlobalSection
EndGlobal
